// !$*UTF8*$!
{
	archiveVersion = 1;
	classes = {
	};
	objectVersion = 50;
	objects = {

/* Begin PBXBuildFile section */
		8D43FB04240FBBEE00075BD9 /* AppDelegate.swift in Sources */ = {isa = PBXBuildFile; fileRef = 8D43FB03240FBBEE00075BD9 /* AppDelegate.swift */; };
		8D43FB06240FBBEE00075BD9 /* SceneDelegate.swift in Sources */ = {isa = PBXBuildFile; fileRef = 8D43FB05240FBBEE00075BD9 /* SceneDelegate.swift */; };
		8D43FB08240FBBEE00075BD9 /* ViewController.swift in Sources */ = {isa = PBXBuildFile; fileRef = 8D43FB07240FBBEE00075BD9 /* ViewController.swift */; };
		8D43FB0B240FBBEE00075BD9 /* Main.storyboard in Resources */ = {isa = PBXBuildFile; fileRef = 8D43FB09240FBBEE00075BD9 /* Main.storyboard */; };
		8D43FB0D240FBBEE00075BD9 /* Assets.xcassets in Resources */ = {isa = PBXBuildFile; fileRef = 8D43FB0C240FBBEE00075BD9 /* Assets.xcassets */; };
		8D43FB10240FBBEE00075BD9 /* LaunchScreen.storyboard in Resources */ = {isa = PBXBuildFile; fileRef = 8D43FB0E240FBBEE00075BD9 /* LaunchScreen.storyboard */; };
		8D43FB3C2411068500075BD9 /* DiaryListViewController.swift in Sources */ = {isa = PBXBuildFile; fileRef = 8D43FB3B2411068500075BD9 /* DiaryListViewController.swift */; };
		8D43FB3E241108D700075BD9 /* CreateDiaryViewController.swift in Sources */ = {isa = PBXBuildFile; fileRef = 8D43FB3D241108D700075BD9 /* CreateDiaryViewController.swift */; };
/* End PBXBuildFile section */

/* Begin PBXFileReference section */
		8D43FB00240FBBEE00075BD9 /* GetSuccess.app */ = {isa = PBXFileReference; explicitFileType = wrapper.application; includeInIndex = 0; path = GetSuccess.app; sourceTree = BUILT_PRODUCTS_DIR; };
		8D43FB03240FBBEE00075BD9 /* AppDelegate.swift */ = {isa = PBXFileReference; lastKnownFileType = sourcecode.swift; path = AppDelegate.swift; sourceTree = "<group>"; };
		8D43FB05240FBBEE00075BD9 /* SceneDelegate.swift */ = {isa = PBXFileReference; lastKnownFileType = sourcecode.swift; path = SceneDelegate.swift; sourceTree = "<group>"; };
		8D43FB07240FBBEE00075BD9 /* ViewController.swift */ = {isa = PBXFileReference; lastKnownFileType = sourcecode.swift; path = ViewController.swift; sourceTree = "<group>"; };
		8D43FB0A240FBBEE00075BD9 /* Base */ = {isa = PBXFileReference; lastKnownFileType = file.storyboard; name = Base; path = Base.lproj/Main.storyboard; sourceTree = "<group>"; };
		8D43FB0C240FBBEE00075BD9 /* Assets.xcassets */ = {isa = PBXFileReference; lastKnownFileType = folder.assetcatalog; path = Assets.xcassets; sourceTree = "<group>"; };
		8D43FB0F240FBBEE00075BD9 /* Base */ = {isa = PBXFileReference; lastKnownFileType = file.storyboard; name = Base; path = Base.lproj/LaunchScreen.storyboard; sourceTree = "<group>"; };
		8D43FB11240FBBEE00075BD9 /* Info.plist */ = {isa = PBXFileReference; lastKnownFileType = text.plist.xml; path = Info.plist; sourceTree = "<group>"; };
		8D43FB3B2411068500075BD9 /* DiaryListViewController.swift */ = {isa = PBXFileReference; lastKnownFileType = sourcecode.swift; path = DiaryListViewController.swift; sourceTree = "<group>"; };
		8D43FB3D241108D700075BD9 /* CreateDiaryViewController.swift */ = {isa = PBXFileReference; lastKnownFileType = sourcecode.swift; path = CreateDiaryViewController.swift; sourceTree = "<group>"; };
/* End PBXFileReference section */

/* Begin PBXFrameworksBuildPhase section */
		8D43FAFD240FBBEE00075BD9 /* Frameworks */ = {
			isa = PBXFrameworksBuildPhase;
			buildActionMask = 2147483647;
			files = (
			);
			runOnlyForDeploymentPostprocessing = 0;
		};
/* End PBXFrameworksBuildPhase section */

/* Begin PBXGroup section */
		8D43FAF7240FBBEE00075BD9 = {
			isa = PBXGroup;
			children = (
				8D43FB02240FBBEE00075BD9 /* GetSuccess */,
				8D43FB01240FBBEE00075BD9 /* Products */,
			);
			sourceTree = "<group>";
		};
		8D43FB01240FBBEE00075BD9 /* Products */ = {
			isa = PBXGroup;
			children = (
				8D43FB00240FBBEE00075BD9 /* GetSuccess.app */,
			);
			name = Products;
			sourceTree = "<group>";
		};
		8D43FB02240FBBEE00075BD9 /* GetSuccess */ = {
			isa = PBXGroup;
			children = (
				8D43FB03240FBBEE00075BD9 /* AppDelegate.swift */,
				8D43FB05240FBBEE00075BD9 /* SceneDelegate.swift */,
				8D43FB07240FBBEE00075BD9 /* ViewController.swift */,
				8D43FB09240FBBEE00075BD9 /* Main.storyboard */,
				8D43FB3D241108D700075BD9 /* CreateDiaryViewController.swift */,
				8D43FB3B2411068500075BD9 /* DiaryListViewController.swift */,
				8D43FB0C240FBBEE00075BD9 /* Assets.xcassets */,
				8D43FB0E240FBBEE00075BD9 /* LaunchScreen.storyboard */,
				8D43FB11240FBBEE00075BD9 /* Info.plist */,
			);
			path = GetSuccess;
			sourceTree = "<group>";
		};
/* End PBXGroup section */

/* Begin PBXNativeTarget section */
		8D43FAFF240FBBEE00075BD9 /* GetSuccess */ = {
			isa = PBXNativeTarget;
			buildConfigurationList = 8D43FB14240FBBEE00075BD9 /* Build configuration list for PBXNativeTarget "GetSuccess" */;
			buildPhases = (
				8D43FAFC240FBBEE00075BD9 /* Sources */,
				8D43FAFD240FBBEE00075BD9 /* Frameworks */,
				8D43FAFE240FBBEE00075BD9 /* Resources */,
			);
			buildRules = (
			);
			dependencies = (
			);
			name = GetSuccess;
			productName = GetSuccess;
			productReference = 8D43FB00240FBBEE00075BD9 /* GetSuccess.app */;
			productType = "com.apple.product-type.application";
		};
/* End PBXNativeTarget section */

/* Begin PBXProject section */
		8D43FAF8240FBBEE00075BD9 /* Project object */ = {
			isa = PBXProject;
			attributes = {
				LastSwiftUpdateCheck = 1130;
				LastUpgradeCheck = 1130;
				ORGANIZATIONNAME = "Arie May Wibowo";
				TargetAttributes = {
					8D43FAFF240FBBEE00075BD9 = {
						CreatedOnToolsVersion = 11.3.1;
					};
				};
			};
			buildConfigurationList = 8D43FAFB240FBBEE00075BD9 /* Build configuration list for PBXProject "GetSuccess" */;
			compatibilityVersion = "Xcode 9.3";
			developmentRegion = en;
			hasScannedForEncodings = 0;
			knownRegions = (
				en,
				Base,
			);
			mainGroup = 8D43FAF7240FBBEE00075BD9;
			productRefGroup = 8D43FB01240FBBEE00075BD9 /* Products */;
			projectDirPath = "";
			projectRoot = "";
			targets = (
				8D43FAFF240FBBEE00075BD9 /* GetSuccess */,
			);
		};
/* End PBXProject section */

/* Begin PBXResourcesBuildPhase section */
		8D43FAFE240FBBEE00075BD9 /* Resources */ = {
			isa = PBXResourcesBuildPhase;
			buildActionMask = 2147483647;
			files = (
				8D43FB10240FBBEE00075BD9 /* LaunchScreen.storyboard in Resources */,
				8D43FB0D240FBBEE00075BD9 /* Assets.xcassets in Resources */,
				8D43FB0B240FBBEE00075BD9 /* Main.storyboard in Resources */,
			);
			runOnlyForDeploymentPostprocessing = 0;
		};
/* End PBXResourcesBuildPhase section */

/* Begin PBXSourcesBuildPhase section */
		8D43FAFC240FBBEE00075BD9 /* Sources */ = {
			isa = PBXSourcesBuildPhase;
			buildActionMask = 2147483647;
			files = (
				8D43FB3C2411068500075BD9 /* DiaryListViewController.swift in Sources */,
				8D43FB08240FBBEE00075BD9 /* ViewController.swift in Sources */,
				8D43FB04240FBBEE00075BD9 /* AppDelegate.swift in Sources */,
				8D43FB3E241108D700075BD9 /* CreateDiaryViewController.swift in Sources */,
				8D43FB06240FBBEE00075BD9 /* SceneDelegate.swift in Sources */,
			);
			runOnlyForDeploymentPostprocessing = 0;
		};
/* End PBXSourcesBuildPhase section */

/* Begin PBXVariantGroup section */
		8D43FB09240FBBEE00075BD9 /* Main.storyboard */ = {
			isa = PBXVariantGroup;
			children = (
				8D43FB0A240FBBEE00075BD9 /* Base */,
			);
			name = Main.storyboard;
			sourceTree = "<group>";
		};
		8D43FB0E240FBBEE00075BD9 /* LaunchScreen.storyboard */ = {
			isa = PBXVariantGroup;
			children = (
				8D43FB0F240FBBEE00075BD9 /* Base */,
			);
			name = LaunchScreen.storyboard;
			sourceTree = "<group>";
		};
/* End PBXVariantGroup section */

/* Begin XCBuildConfiguration section */
		8D43FB12240FBBEE00075BD9 /* Debug */ = {
			isa = XCBuildConfiguration;
			buildSettings = {
				ALWAYS_SEARCH_USER_PATHS = NO;
				CLANG_ANALYZER_NONNULL = YES;
				CLANG_ANALYZER_NUMBER_OBJECT_CONVERSION = YES_AGGRESSIVE;
				CLANG_CXX_LANGUAGE_STANDARD = "gnu++14";
				CLANG_CXX_LIBRARY = "libc++";
				CLANG_ENABLE_MODULES = YES;
				CLANG_ENABLE_OBJC_ARC = YES;
				CLANG_ENABLE_OBJC_WEAK = YES;
				CLANG_WARN_BLOCK_CAPTURE_AUTORELEASING = YES;
				CLANG_WARN_BOOL_CONVERSION = YES;
				CLANG_WARN_COMMA = YES;
				CLANG_WARN_CONSTANT_CONVERSION = YES;
				CLANG_WARN_DEPRECATED_OBJC_IMPLEMENTATIONS = YES;
				CLANG_WARN_DIRECT_OBJC_ISA_USAGE = YES_ERROR;
				CLANG_WARN_DOCUMENTATION_COMMENTS = YES;
				CLANG_WARN_EMPTY_BODY = YES;
				CLANG_WARN_ENUM_CONVERSION = YES;
				CLANG_WARN_INFINITE_RECURSION = YES;
				CLANG_WARN_INT_CONVERSION = YES;
				CLANG_WARN_NON_LITERAL_NULL_CONVERSION = YES;
				CLANG_WARN_OBJC_IMPLICIT_RETAIN_SELF = YES;
				CLANG_WARN_OBJC_LITERAL_CONVERSION = YES;
				CLANG_WARN_OBJC_ROOT_CLASS = YES_ERROR;
				CLANG_WARN_RANGE_LOOP_ANALYSIS = YES;
				CLANG_WARN_STRICT_PROTOTYPES = YES;
				CLANG_WARN_SUSPICIOUS_MOVE = YES;
				CLANG_WARN_UNGUARDED_AVAILABILITY = YES_AGGRESSIVE;
				CLANG_WARN_UNREACHABLE_CODE = YES;
				CLANG_WARN__DUPLICATE_METHOD_MATCH = YES;
				COPY_PHASE_STRIP = NO;
				DEBUG_INFORMATION_FORMAT = dwarf;
				ENABLE_STRICT_OBJC_MSGSEND = YES;
				ENABLE_TESTABILITY = YES;
				GCC_C_LANGUAGE_STANDARD = gnu11;
				GCC_DYNAMIC_NO_PIC = NO;
				GCC_NO_COMMON_BLOCKS = YES;
				GCC_OPTIMIZATION_LEVEL = 0;
				GCC_PREPROCESSOR_DEFINITIONS = (
					"DEBUG=1",
					"$(inherited)",
				);
				GCC_WARN_64_TO_32_BIT_CONVERSION = YES;
				GCC_WARN_ABOUT_RETURN_TYPE = YES_ERROR;
				GCC_WARN_UNDECLARED_SELECTOR = YES;
				GCC_WARN_UNINITIALIZED_AUTOS = YES_AGGRESSIVE;
				GCC_WARN_UNUSED_FUNCTION = YES;
				GCC_WARN_UNUSED_VARIABLE = YES;
				IPHONEOS_DEPLOYMENT_TARGET = 13.2;
				MTL_ENABLE_DEBUG_INFO = INCLUDE_SOURCE;
				MTL_FAST_MATH = YES;
				ONLY_ACTIVE_ARCH = YES;
				SDKROOT = iphoneos;
				SWIFT_ACTIVE_COMPILATION_CONDITIONS = DEBUG;
				SWIFT_OPTIMIZATION_LEVEL = "-Onone";
			};
			name = Debug;
		};
		8D43FB13240FBBEE00075BD9 /* Release */ = {
			isa = XCBuildConfiguration;
			buildSettings = {
				ALWAYS_SEARCH_USER_PATHS = NO;
				CLANG_ANALYZER_NONNULL = YES;
				CLANG_ANALYZER_NUMBER_OBJECT_CONVERSION = YES_AGGRESSIVE;
				CLANG_CXX_LANGUAGE_STANDARD = "gnu++14";
				CLANG_CXX_LIBRARY = "libc++";
				CLANG_ENABLE_MODULES = YES;
				CLANG_ENABLE_OBJC_ARC = YES;
				CLANG_ENABLE_OBJC_WEAK = YES;
				CLANG_WARN_BLOCK_CAPTURE_AUTORELEASING = YES;
				CLANG_WARN_BOOL_CONVERSION = YES;
				CLANG_WARN_COMMA = YES;
				CLANG_WARN_CONSTANT_CONVERSION = YES;
				CLANG_WARN_DEPRECATED_OBJC_IMPLEMENTATIONS = YES;
				CLANG_WARN_DIRECT_OBJC_ISA_USAGE = YES_ERROR;
				CLANG_WARN_DOCUMENTATION_COMMENTS = YES;
				CLANG_WARN_EMPTY_BODY = YES;
				CLANG_WARN_ENUM_CONVERSION = YES;
				CLANG_WARN_INFINITE_RECURSION = YES;
				CLANG_WARN_INT_CONVERSION = YES;
				CLANG_WARN_NON_LITERAL_NULL_CONVERSION = YES;
				CLANG_WARN_OBJC_IMPLICIT_RETAIN_SELF = YES;
				CLANG_WARN_OBJC_LITERAL_CONVERSION = YES;
				CLANG_WARN_OBJC_ROOT_CLASS = YES_ERROR;
				CLANG_WARN_RANGE_LOOP_ANALYSIS = YES;
				CLANG_WARN_STRICT_PROTOTYPES = YES;
				CLANG_WARN_SUSPICIOUS_MOVE = YES;
				CLANG_WARN_UNGUARDED_AVAILABILITY = YES_AGGRESSIVE;
				CLANG_WARN_UNREACHABLE_CODE = YES;
				CLANG_WARN__DUPLICATE_METHOD_MATCH = YES;
				COPY_PHASE_STRIP = NO;
				DEBUG_INFORMATION_FORMAT = "dwarf-with-dsym";
				ENABLE_NS_ASSERTIONS = NO;
				ENABLE_STRICT_OBJC_MSGSEND = YES;
				GCC_C_LANGUAGE_STANDARD = gnu11;
				GCC_NO_COMMON_BLOCKS = YES;
				GCC_WARN_64_TO_32_BIT_CONVERSION = YES;
				GCC_WARN_ABOUT_RETURN_TYPE = YES_ERROR;
				GCC_WARN_UNDECLARED_SELECTOR = YES;
				GCC_WARN_UNINITIALIZED_AUTOS = YES_AGGRESSIVE;
				GCC_WARN_UNUSED_FUNCTION = YES;
				GCC_WARN_UNUSED_VARIABLE = YES;
				IPHONEOS_DEPLOYMENT_TARGET = 13.2;
				MTL_ENABLE_DEBUG_INFO = NO;
				MTL_FAST_MATH = YES;
				SDKROOT = iphoneos;
				SWIFT_COMPILATION_MODE = wholemodule;
				SWIFT_OPTIMIZATION_LEVEL = "-O";
				VALIDATE_PRODUCT = YES;
			};
			name = Release;
		};
		8D43FB15240FBBEE00075BD9 /* Debug */ = {
			isa = XCBuildConfiguration;
			buildSettings = {
				ASSETCATALOG_COMPILER_APPICON_NAME = AppIcon;
				CODE_SIGN_STYLE = Automatic;
				DEVELOPMENT_TEAM = 7QAVKC3WGP;
				INFOPLIST_FILE = GetSuccess/Info.plist;
				LD_RUNPATH_SEARCH_PATHS = (
					"$(inherited)",
					"@executable_path/Frameworks",
				);
				PRODUCT_BUNDLE_IDENTIFIER = id.ariemay.getsuccess;
				PRODUCT_NAME = "$(TARGET_NAME)";
				SWIFT_VERSION = 5.0;
				TARGETED_DEVICE_FAMILY = "1,2";
			};
			name = Debug;
		};
		8D43FB16240FBBEE00075BD9 /* Release */ = {
			isa = XCBuildConfiguration;
			buildSettings = {
				ASSETCATALOG_COMPILER_APPICON_NAME = AppIcon;
				CODE_SIGN_STYLE = Automatic;
				DEVELOPMENT_TEAM = 7QAVKC3WGP;
				INFOPLIST_FILE = GetSuccess/Info.plist;
				LD_RUNPATH_SEARCH_PATHS = (
					"$(inherited)",
					"@executable_path/Frameworks",
				);
				PRODUCT_BUNDLE_IDENTIFIER = id.ariemay.getsuccess;
				PRODUCT_NAME = "$(TARGET_NAME)";
				SWIFT_VERSION = 5.0;
				TARGETED_DEVICE_FAMILY = "1,2";
			};
			name = Release;
		};
/* End XCBuildConfiguration section */

/* Begin XCConfigurationList section */
		8D43FAFB240FBBEE00075BD9 /* Build configuration list for PBXProject "GetSuccess" */ = {
			isa = XCConfigurationList;
			buildConfigurations = (
				8D43FB12240FBBEE00075BD9 /* Debug */,
				8D43FB13240FBBEE00075BD9 /* Release */,
			);
			defaultConfigurationIsVisible = 0;
			defaultConfigurationName = Release;
		};
		8D43FB14240FBBEE00075BD9 /* Build configuration list for PBXNativeTarget "GetSuccess" */ = {
			isa = XCConfigurationList;
			buildConfigurations = (
				8D43FB15240FBBEE00075BD9 /* Debug */,
				8D43FB16240FBBEE00075BD9 /* Release */,
			);
			defaultConfigurationIsVisible = 0;
			defaultConfigurationName = Release;
		};
/* End XCConfigurationList section */
	};
	rootObject = 8D43FAF8240FBBEE00075BD9 /* Project object */;
}
